
Microsoft Visual Studio Solution File, Format Version 12.00
# Visual Studio Version 16
VisualStudioVersion = 16.0.29613.14
MinimumVisualStudioVersion = 10.0.40219.1
Project("{FAE04EC0-301F-11D3-BF4B-00C04F79EFBC}") = "JsonProject3", "JsonProject3\JsonProject3.csproj", "{AD742E20-F39E-4B7C-B383-FDE46B5EA85D}"
EndProject
Global
	GlobalSection(SolutionConfigurationPlatforms) = preSolution
		Debug|Any CPU = Debug|Any CPU
		Release|Any CPU = Release|Any CPU
	EndGlobalSection
	GlobalSection(ProjectConfigurationPlatforms) = postSolution
		{AD742E20-F39E-4B7C-B383-FDE46B5EA85D}.Debug|Any CPU.ActiveCfg = Debug|Any CPU
		{AD742E20-F39E-4B7C-B383-FDE46B5EA85D}.Debug|Any CPU.Build.0 = Debug|Any CPU
		{AD742E20-F39E-4B7C-B383-FDE46B5EA85D}.Release|Any CPU.ActiveCfg = Release|Any CPU
		{AD742E20-F39E-4B7C-B383-FDE46B5EA85D}.Release|Any CPU.Build.0 = Release|Any CPU
	EndGlobalSection
	GlobalSection(SolutionProperties) = preSolution
		HideSolutionNode = FALSE
	EndGlobalSection
	GlobalSection(ExtensibilityGlobals) = postSolution
		SolutionGuid = {D359F63B-7019-46FD-9752-29E8D6777A0A}
	EndGlobalSection
EndGlobal
